
Microsoft Visual Studio Solution File, Format Version 12.00
# Visual Studio Version 17
VisualStudioVersion = 17.10.34928.147
MinimumVisualStudioVersion = 10.0.40219.1
Project("{FAE04EC0-301F-11D3-BF4B-00C04F79EFBC}") = "aspnetcore-webapi", "aspnetcore-webapi\aspnetcore-webapi.csproj", "{B14312B5-1858-4ABB-BDB7-D7CFEA8DC454}"
EndProject
Global
	GlobalSection(SolutionConfigurationPlatforms) = preSolution
		Debug|Any CPU = Debug|Any CPU
		Release|Any CPU = Release|Any CPU
	EndGlobalSection
	GlobalSection(ProjectConfigurationPlatforms) = postSolution
		{B14312B5-1858-4ABB-BDB7-D7CFEA8DC454}.Debug|Any CPU.ActiveCfg = Debug|Any CPU
		{B14312B5-1858-4ABB-BDB7-D7CFEA8DC454}.Debug|Any CPU.Build.0 = Debug|Any CPU
		{B14312B5-1858-4ABB-BDB7-D7CFEA8DC454}.Release|Any CPU.ActiveCfg = Release|Any CPU
		{B14312B5-1858-4ABB-BDB7-D7CFEA8DC454}.Release|Any CPU.Build.0 = Release|Any CPU
	EndGlobalSection
	GlobalSection(SolutionProperties) = preSolution
		HideSolutionNode = FALSE
	EndGlobalSection
	GlobalSection(ExtensibilityGlobals) = postSolution
		SolutionGuid = {4F6FC5D7-8B69-4B71-99E2-0B98D110EB87}
	EndGlobalSection
EndGlobal
